
Microsoft Visual Studio Solution File, Format Version 12.00
# Visual Studio 2013
VisualStudioVersion = 12.0.30501.0
MinimumVisualStudioVersion = 10.0.40219.1
Project("{FAE04EC0-301F-11D3-BF4B-00C04F79EFBC}") = "HeterogeneousDataSources", "HeterogeneousDataSources\HeterogeneousDataSources.csproj", "{5630ADF5-F7D6-4257-B5E3-30DFE715AF39}"
EndProject
Project("{FAE04EC0-301F-11D3-BF4B-00C04F79EFBC}") = "HeterogeneousDataSources.Tests", "HeterogeneousDataSources.Tests\HeterogeneousDataSources.Tests.csproj", "{9882EE6A-E815-4AC0-85ED-CFCB35AC6109}"
EndProject
Global
	GlobalSection(SolutionConfigurationPlatforms) = preSolution
		Debug|Any CPU = Debug|Any CPU
		Release|Any CPU = Release|Any CPU
	EndGlobalSection
	GlobalSection(ProjectConfigurationPlatforms) = postSolution
		{5630ADF5-F7D6-4257-B5E3-30DFE715AF39}.Debug|Any CPU.ActiveCfg = Debug|Any CPU
		{5630ADF5-F7D6-4257-B5E3-30DFE715AF39}.Debug|Any CPU.Build.0 = Debug|Any CPU
		{5630ADF5-F7D6-4257-B5E3-30DFE715AF39}.Release|Any CPU.ActiveCfg = Release|Any CPU
		{5630ADF5-F7D6-4257-B5E3-30DFE715AF39}.Release|Any CPU.Build.0 = Release|Any CPU
		{9882EE6A-E815-4AC0-85ED-CFCB35AC6109}.Debug|Any CPU.ActiveCfg = Debug|Any CPU
		{9882EE6A-E815-4AC0-85ED-CFCB35AC6109}.Debug|Any CPU.Build.0 = Debug|Any CPU
		{9882EE6A-E815-4AC0-85ED-CFCB35AC6109}.Release|Any CPU.ActiveCfg = Release|Any CPU
		{9882EE6A-E815-4AC0-85ED-CFCB35AC6109}.Release|Any CPU.Build.0 = Release|Any CPU
	EndGlobalSection
	GlobalSection(SolutionProperties) = preSolution
		HideSolutionNode = FALSE
	EndGlobalSection
EndGlobal
