Microsoft Visual Studio Solution File, Format Version 12.00
# Visual Studio 15
VisualStudioVersion = 15.0.27130.2003
MinimumVisualStudioVersion = 15.0.26124.0
Project("{9A19103F-16F7-4668-BE54-9A1E7A4F7556}") = "LinkIt", "LinkIt\LinkIt.csproj", "{1D04364E-18C2-4146-A46D-97C92E0E2546}"
EndProject
Project("{9A19103F-16F7-4668-BE54-9A1E7A4F7556}") = "LinkIt.Tests", "LinkIt.Tests\LinkIt.Tests.csproj", "{A126FAF0-B945-42F1-9267-766E67C92825}"
EndProject
Project("{9A19103F-16F7-4668-BE54-9A1E7A4F7556}") = "LinkIt.Conventions", "LinkIt.Conventions\LinkIt.Conventions.csproj", "{7D6C1E09-BDF9-45BB-A7E6-6E110AFC0250}"
EndProject
Project("{9A19103F-16F7-4668-BE54-9A1E7A4F7556}") = "LinkIt.Conventions.Tests", "LinkIt.Conventions.Tests\LinkIt.Conventions.Tests.csproj", "{7A97AB8A-D206-4F8F-8FE9-F4FE87C7BD07}"
EndProject
Project("{9A19103F-16F7-4668-BE54-9A1E7A4F7556}") = "LinkIt.Samples", "LinkIt.Samples\LinkIt.Samples.csproj", "{6AACAD49-8DDE-44F5-88F8-73E13684B285}"
EndProject
Global
	GlobalSection(SolutionConfigurationPlatforms) = preSolution
		Debug|Any CPU = Debug|Any CPU
		Debug|x64 = Debug|x64
		Debug|x86 = Debug|x86
		Release|Any CPU = Release|Any CPU
		Release|x64 = Release|x64
		Release|x86 = Release|x86
	EndGlobalSection
	GlobalSection(ProjectConfigurationPlatforms) = postSolution
		{1D04364E-18C2-4146-A46D-97C92E0E2546}.Debug|Any CPU.ActiveCfg = Debug|Any CPU
		{1D04364E-18C2-4146-A46D-97C92E0E2546}.Debug|Any CPU.Build.0 = Debug|Any CPU
		{1D04364E-18C2-4146-A46D-97C92E0E2546}.Debug|x64.ActiveCfg = Debug|Any CPU
		{1D04364E-18C2-4146-A46D-97C92E0E2546}.Debug|x64.Build.0 = Debug|Any CPU
		{1D04364E-18C2-4146-A46D-97C92E0E2546}.Debug|x86.ActiveCfg = Debug|Any CPU
		{1D04364E-18C2-4146-A46D-97C92E0E2546}.Debug|x86.Build.0 = Debug|Any CPU
		{1D04364E-18C2-4146-A46D-97C92E0E2546}.Release|Any CPU.ActiveCfg = Release|Any CPU
		{1D04364E-18C2-4146-A46D-97C92E0E2546}.Release|Any CPU.Build.0 = Release|Any CPU
		{1D04364E-18C2-4146-A46D-97C92E0E2546}.Release|x64.ActiveCfg = Release|Any CPU
		{1D04364E-18C2-4146-A46D-97C92E0E2546}.Release|x64.Build.0 = Release|Any CPU
		{1D04364E-18C2-4146-A46D-97C92E0E2546}.Release|x86.ActiveCfg = Release|Any CPU
		{1D04364E-18C2-4146-A46D-97C92E0E2546}.Release|x86.Build.0 = Release|Any CPU
		{A126FAF0-B945-42F1-9267-766E67C92825}.Debug|Any CPU.ActiveCfg = Debug|Any CPU
		{A126FAF0-B945-42F1-9267-766E67C92825}.Debug|Any CPU.Build.0 = Debug|Any CPU
		{A126FAF0-B945-42F1-9267-766E67C92825}.Debug|x64.ActiveCfg = Debug|Any CPU
		{A126FAF0-B945-42F1-9267-766E67C92825}.Debug|x64.Build.0 = Debug|Any CPU
		{A126FAF0-B945-42F1-9267-766E67C92825}.Debug|x86.ActiveCfg = Debug|Any CPU
		{A126FAF0-B945-42F1-9267-766E67C92825}.Debug|x86.Build.0 = Debug|Any CPU
		{A126FAF0-B945-42F1-9267-766E67C92825}.Release|Any CPU.ActiveCfg = Release|Any CPU
		{A126FAF0-B945-42F1-9267-766E67C92825}.Release|Any CPU.Build.0 = Release|Any CPU
		{A126FAF0-B945-42F1-9267-766E67C92825}.Release|x64.ActiveCfg = Release|Any CPU
		{A126FAF0-B945-42F1-9267-766E67C92825}.Release|x64.Build.0 = Release|Any CPU
		{A126FAF0-B945-42F1-9267-766E67C92825}.Release|x86.ActiveCfg = Release|Any CPU
		{A126FAF0-B945-42F1-9267-766E67C92825}.Release|x86.Build.0 = Release|Any CPU
		{7D6C1E09-BDF9-45BB-A7E6-6E110AFC0250}.Debug|Any CPU.ActiveCfg = Debug|Any CPU
		{7D6C1E09-BDF9-45BB-A7E6-6E110AFC0250}.Debug|Any CPU.Build.0 = Debug|Any CPU
		{7D6C1E09-BDF9-45BB-A7E6-6E110AFC0250}.Debug|x64.ActiveCfg = Debug|Any CPU
		{7D6C1E09-BDF9-45BB-A7E6-6E110AFC0250}.Debug|x64.Build.0 = Debug|Any CPU
		{7D6C1E09-BDF9-45BB-A7E6-6E110AFC0250}.Debug|x86.ActiveCfg = Debug|Any CPU
		{7D6C1E09-BDF9-45BB-A7E6-6E110AFC0250}.Debug|x86.Build.0 = Debug|Any CPU
		{7D6C1E09-BDF9-45BB-A7E6-6E110AFC0250}.Release|Any CPU.ActiveCfg = Release|Any CPU
		{7D6C1E09-BDF9-45BB-A7E6-6E110AFC0250}.Release|Any CPU.Build.0 = Release|Any CPU
		{7D6C1E09-BDF9-45BB-A7E6-6E110AFC0250}.Release|x64.ActiveCfg = Release|Any CPU
		{7D6C1E09-BDF9-45BB-A7E6-6E110AFC0250}.Release|x64.Build.0 = Release|Any CPU
		{7D6C1E09-BDF9-45BB-A7E6-6E110AFC0250}.Release|x86.ActiveCfg = Release|Any CPU
		{7D6C1E09-BDF9-45BB-A7E6-6E110AFC0250}.Release|x86.Build.0 = Release|Any CPU
		{7A97AB8A-D206-4F8F-8FE9-F4FE87C7BD07}.Debug|Any CPU.ActiveCfg = Debug|Any CPU
		{7A97AB8A-D206-4F8F-8FE9-F4FE87C7BD07}.Debug|Any CPU.Build.0 = Debug|Any CPU
		{7A97AB8A-D206-4F8F-8FE9-F4FE87C7BD07}.Debug|x64.ActiveCfg = Debug|Any CPU
		{7A97AB8A-D206-4F8F-8FE9-F4FE87C7BD07}.Debug|x64.Build.0 = Debug|Any CPU
		{7A97AB8A-D206-4F8F-8FE9-F4FE87C7BD07}.Debug|x86.ActiveCfg = Debug|Any CPU
		{7A97AB8A-D206-4F8F-8FE9-F4FE87C7BD07}.Debug|x86.Build.0 = Debug|Any CPU
		{7A97AB8A-D206-4F8F-8FE9-F4FE87C7BD07}.Release|Any CPU.ActiveCfg = Release|Any CPU
		{7A97AB8A-D206-4F8F-8FE9-F4FE87C7BD07}.Release|Any CPU.Build.0 = Release|Any CPU
		{7A97AB8A-D206-4F8F-8FE9-F4FE87C7BD07}.Release|x64.ActiveCfg = Release|Any CPU
		{7A97AB8A-D206-4F8F-8FE9-F4FE87C7BD07}.Release|x64.Build.0 = Release|Any CPU
		{7A97AB8A-D206-4F8F-8FE9-F4FE87C7BD07}.Release|x86.ActiveCfg = Release|Any CPU
		{7A97AB8A-D206-4F8F-8FE9-F4FE87C7BD07}.Release|x86.Build.0 = Release|Any CPU
		{6AACAD49-8DDE-44F5-88F8-73E13684B285}.Debug|Any CPU.ActiveCfg = Debug|Any CPU
		{6AACAD49-8DDE-44F5-88F8-73E13684B285}.Debug|Any CPU.Build.0 = Debug|Any CPU
		{6AACAD49-8DDE-44F5-88F8-73E13684B285}.Debug|x64.ActiveCfg = Debug|Any CPU
		{6AACAD49-8DDE-44F5-88F8-73E13684B285}.Debug|x64.Build.0 = Debug|Any CPU
		{6AACAD49-8DDE-44F5-88F8-73E13684B285}.Debug|x86.ActiveCfg = Debug|Any CPU
		{6AACAD49-8DDE-44F5-88F8-73E13684B285}.Debug|x86.Build.0 = Debug|Any CPU
		{6AACAD49-8DDE-44F5-88F8-73E13684B285}.Release|Any CPU.ActiveCfg = Release|Any CPU
		{6AACAD49-8DDE-44F5-88F8-73E13684B285}.Release|Any CPU.Build.0 = Release|Any CPU
		{6AACAD49-8DDE-44F5-88F8-73E13684B285}.Release|x64.ActiveCfg = Release|Any CPU
		{6AACAD49-8DDE-44F5-88F8-73E13684B285}.Release|x64.Build.0 = Release|Any CPU
		{6AACAD49-8DDE-44F5-88F8-73E13684B285}.Release|x86.ActiveCfg = Release|Any CPU
		{6AACAD49-8DDE-44F5-88F8-73E13684B285}.Release|x86.Build.0 = Release|Any CPU
	EndGlobalSection
	GlobalSection(SolutionProperties) = preSolution
		HideSolutionNode = FALSE
	EndGlobalSection
	GlobalSection(ExtensibilityGlobals) = postSolution
		SolutionGuid = {9694E698-D1AF-4BA0-BE5E-E48107D25F97}
	EndGlobalSection
EndGlobal
